# This file is automatically @generated by Poetry 1.6.1 and should not be changed by hand.

[[package]]
name = "packaging"
version = "23.2"
description = "Core utilities for Python packages"
optional = false
python-versions = ">=3.7"
files = [
    {file = "packaging-23.2-py3-none-any.whl", hash = "sha256:8c491190033a9af7e1d931d0b5dacc2ef47509b34dd0de67ed209b5203fc88c7"},
    {file = "packaging-23.2.tar.gz", hash = "sha256:048fb0e9405036518eaaf48a55953c750c11e1a1b68e0dd1a9d62ed0c092cfc5"},
]

[[package]]
name = "plotly"
version = "5.17.0"
description = "An open-source, interactive data visualization library for Python"
optional = false
python-versions = ">=3.6"
files = [
    {file = "plotly-5.17.0-py2.py3-none-any.whl", hash = "sha256:7c84cdf11da162423da957bb093287134f2d6f170eb9a74f1459f825892247c3"},
    {file = "plotly-5.17.0.tar.gz", hash = "sha256:290d796bf7bab87aad184fe24b86096234c4c95dcca6ecbca02d02bdf17d3d97"},
]

[package.dependencies]
packaging = "*"
tenacity = ">=6.2.0"

[[package]]
name = "tenacity"
version = "8.2.3"
description = "Retry code until it succeeds"
optional = false
python-versions = ">=3.7"
files = [
    {file = "tenacity-8.2.3-py3-none-any.whl", hash = "sha256:ce510e327a630c9e1beaf17d42e6ffacc88185044ad85cf74c0a8887c6a0f88c"},
    {file = "tenacity-8.2.3.tar.gz", hash = "sha256:5398ef0d78e63f40007c1fb4c0bff96e1911394d2fa8d194f77619c05ff6cc8a"},
]

[package.extras]
doc = ["reno", "sphinx", "tornado (>=4.5)"]

[metadata]
lock-version = "2.0"
python-versions = "^3.11"
content-hash = "6ad8b0798f759e697215ba8bce57ab35dce043e64cf35a505fa685cdc1f3a89a"
